// !$*UTF8*$!
{
	archiveVersion = 1;
	classes = {
	};
	objectVersion = 56;
	objects = {

/* Begin PBXBuildFile section */
		754610472B2A340000DFCFAB /* AppDelegate.swift in Sources */ = {isa = PBXBuildFile; fileRef = 754610462B2A340000DFCFAB /* AppDelegate.swift */; };
		754610492B2A340000DFCFAB /* SceneDelegate.swift in Sources */ = {isa = PBXBuildFile; fileRef = 754610482B2A340000DFCFAB /* SceneDelegate.swift */; };
		754610502B2A340100DFCFAB /* Assets.xcassets in Resources */ = {isa = PBXBuildFile; fileRef = 7546104F2B2A340100DFCFAB /* Assets.xcassets */; };
		754610532B2A340100DFCFAB /* LaunchScreen.storyboard in Resources */ = {isa = PBXBuildFile; fileRef = 754610512B2A340100DFCFAB /* LaunchScreen.storyboard */; };
		7546105E2B2A340100DFCFAB /* PokemonTests.swift in Sources */ = {isa = PBXBuildFile; fileRef = 7546105D2B2A340100DFCFAB /* PokemonTests.swift */; };
		754610682B2A340100DFCFAB /* PokemonUITests.swift in Sources */ = {isa = PBXBuildFile; fileRef = 754610672B2A340100DFCFAB /* PokemonUITests.swift */; };
		7546106A2B2A340100DFCFAB /* PokemonUITestsLaunchTests.swift in Sources */ = {isa = PBXBuildFile; fileRef = 754610692B2A340100DFCFAB /* PokemonUITestsLaunchTests.swift */; };
		7546107F2B2A35DD00DFCFAB /* Constant.swift in Sources */ = {isa = PBXBuildFile; fileRef = 7546107E2B2A35DD00DFCFAB /* Constant.swift */; };
		754610822B2A35FA00DFCFAB /* EndPoint.swift in Sources */ = {isa = PBXBuildFile; fileRef = 754610812B2A35FA00DFCFAB /* EndPoint.swift */; };
		754610852B2A36A500DFCFAB /* HTTPMethodType.swift in Sources */ = {isa = PBXBuildFile; fileRef = 754610842B2A36A500DFCFAB /* HTTPMethodType.swift */; };
		754610892B2A385500DFCFAB /* NetworkManager.swift in Sources */ = {isa = PBXBuildFile; fileRef = 754610882B2A385500DFCFAB /* NetworkManager.swift */; };
		7546108B2B2A39E200DFCFAB /* NetworkService.swift in Sources */ = {isa = PBXBuildFile; fileRef = 7546108A2B2A39E200DFCFAB /* NetworkService.swift */; };
		7546108D2B2A3A2200DFCFAB /* Pokemon.swift in Sources */ = {isa = PBXBuildFile; fileRef = 7546108C2B2A3A2200DFCFAB /* Pokemon.swift */; };
		7546108F2B2A3C5D00DFCFAB /* PokemonListViewModel.swift in Sources */ = {isa = PBXBuildFile; fileRef = 7546108E2B2A3C5D00DFCFAB /* PokemonListViewModel.swift */; };
		75A781D42B2C85140012891D /* PokemonCollectionViewCell.swift in Sources */ = {isa = PBXBuildFile; fileRef = 75A781D22B2C85140012891D /* PokemonCollectionViewCell.swift */; };
		75A781D82B2C86990012891D /* Kingfisher in Frameworks */ = {isa = PBXBuildFile; productRef = 75A781D72B2C86990012891D /* Kingfisher */; };
		75A781DA2B2C86C60012891D /* PokemonListViewController.swift in Sources */ = {isa = PBXBuildFile; fileRef = 75A781D92B2C86C60012891D /* PokemonListViewController.swift */; };
/* End PBXBuildFile section */

/* Begin PBXContainerItemProxy section */
		7546105A2B2A340100DFCFAB /* PBXContainerItemProxy */ = {
			isa = PBXContainerItemProxy;
			containerPortal = 7546103B2B2A340000DFCFAB /* Project object */;
			proxyType = 1;
			remoteGlobalIDString = 754610422B2A340000DFCFAB;
			remoteInfo = Pokemon;
		};
		754610642B2A340100DFCFAB /* PBXContainerItemProxy */ = {
			isa = PBXContainerItemProxy;
			containerPortal = 7546103B2B2A340000DFCFAB /* Project object */;
			proxyType = 1;
			remoteGlobalIDString = 754610422B2A340000DFCFAB;
			remoteInfo = Pokemon;
		};
/* End PBXContainerItemProxy section */

/* Begin PBXFileReference section */
		754610432B2A340000DFCFAB /* Pokemon.app */ = {isa = PBXFileReference; explicitFileType = wrapper.application; includeInIndex = 0; path = Pokemon.app; sourceTree = BUILT_PRODUCTS_DIR; };
		754610462B2A340000DFCFAB /* AppDelegate.swift */ = {isa = PBXFileReference; lastKnownFileType = sourcecode.swift; path = AppDelegate.swift; sourceTree = "<group>"; };
		754610482B2A340000DFCFAB /* SceneDelegate.swift */ = {isa = PBXFileReference; lastKnownFileType = sourcecode.swift; path = SceneDelegate.swift; sourceTree = "<group>"; };
		7546104F2B2A340100DFCFAB /* Assets.xcassets */ = {isa = PBXFileReference; lastKnownFileType = folder.assetcatalog; path = Assets.xcassets; sourceTree = "<group>"; };
		754610522B2A340100DFCFAB /* Base */ = {isa = PBXFileReference; lastKnownFileType = file.storyboard; name = Base; path = Base.lproj/LaunchScreen.storyboard; sourceTree = "<group>"; };
		754610542B2A340100DFCFAB /* Info.plist */ = {isa = PBXFileReference; lastKnownFileType = text.plist.xml; path = Info.plist; sourceTree = "<group>"; };
		754610592B2A340100DFCFAB /* PokemonTests.xctest */ = {isa = PBXFileReference; explicitFileType = wrapper.cfbundle; includeInIndex = 0; path = PokemonTests.xctest; sourceTree = BUILT_PRODUCTS_DIR; };
		7546105D2B2A340100DFCFAB /* PokemonTests.swift */ = {isa = PBXFileReference; lastKnownFileType = sourcecode.swift; path = PokemonTests.swift; sourceTree = "<group>"; };
		754610632B2A340100DFCFAB /* PokemonUITests.xctest */ = {isa = PBXFileReference; explicitFileType = wrapper.cfbundle; includeInIndex = 0; path = PokemonUITests.xctest; sourceTree = BUILT_PRODUCTS_DIR; };
		754610672B2A340100DFCFAB /* PokemonUITests.swift */ = {isa = PBXFileReference; lastKnownFileType = sourcecode.swift; path = PokemonUITests.swift; sourceTree = "<group>"; };
		754610692B2A340100DFCFAB /* PokemonUITestsLaunchTests.swift */ = {isa = PBXFileReference; lastKnownFileType = sourcecode.swift; path = PokemonUITestsLaunchTests.swift; sourceTree = "<group>"; };
		7546107E2B2A35DD00DFCFAB /* Constant.swift */ = {isa = PBXFileReference; lastKnownFileType = sourcecode.swift; path = Constant.swift; sourceTree = "<group>"; };
		754610812B2A35FA00DFCFAB /* EndPoint.swift */ = {isa = PBXFileReference; lastKnownFileType = sourcecode.swift; path = EndPoint.swift; sourceTree = "<group>"; };
		754610842B2A36A500DFCFAB /* HTTPMethodType.swift */ = {isa = PBXFileReference; lastKnownFileType = sourcecode.swift; path = HTTPMethodType.swift; sourceTree = "<group>"; };
		754610882B2A385500DFCFAB /* NetworkManager.swift */ = {isa = PBXFileReference; lastKnownFileType = sourcecode.swift; path = NetworkManager.swift; sourceTree = "<group>"; };
		7546108A2B2A39E200DFCFAB /* NetworkService.swift */ = {isa = PBXFileReference; lastKnownFileType = sourcecode.swift; path = NetworkService.swift; sourceTree = "<group>"; };
		7546108C2B2A3A2200DFCFAB /* Pokemon.swift */ = {isa = PBXFileReference; lastKnownFileType = sourcecode.swift; path = Pokemon.swift; sourceTree = "<group>"; };
		7546108E2B2A3C5D00DFCFAB /* PokemonListViewModel.swift */ = {isa = PBXFileReference; lastKnownFileType = sourcecode.swift; path = PokemonListViewModel.swift; sourceTree = "<group>"; };
		75A781D22B2C85140012891D /* PokemonCollectionViewCell.swift */ = {isa = PBXFileReference; lastKnownFileType = sourcecode.swift; path = PokemonCollectionViewCell.swift; sourceTree = "<group>"; };
		75A781D92B2C86C60012891D /* PokemonListViewController.swift */ = {isa = PBXFileReference; lastKnownFileType = sourcecode.swift; path = PokemonListViewController.swift; sourceTree = "<group>"; };
/* End PBXFileReference section */

/* Begin PBXFrameworksBuildPhase section */
		754610402B2A340000DFCFAB /* Frameworks */ = {
			isa = PBXFrameworksBuildPhase;
			buildActionMask = 2147483647;
			files = (
				75A781D82B2C86990012891D /* Kingfisher in Frameworks */,
			);
			runOnlyForDeploymentPostprocessing = 0;
		};
		754610562B2A340100DFCFAB /* Frameworks */ = {
			isa = PBXFrameworksBuildPhase;
			buildActionMask = 2147483647;
			files = (
			);
			runOnlyForDeploymentPostprocessing = 0;
		};
		754610602B2A340100DFCFAB /* Frameworks */ = {
			isa = PBXFrameworksBuildPhase;
			buildActionMask = 2147483647;
			files = (
			);
			runOnlyForDeploymentPostprocessing = 0;
		};
/* End PBXFrameworksBuildPhase section */

/* Begin PBXGroup section */
		7546103A2B2A340000DFCFAB = {
			isa = PBXGroup;
			children = (
				754610452B2A340000DFCFAB /* Pokemon */,
				7546105C2B2A340100DFCFAB /* PokemonTests */,
				754610662B2A340100DFCFAB /* PokemonUITests */,
				754610442B2A340000DFCFAB /* Products */,
			);
			sourceTree = "<group>";
		};
		754610442B2A340000DFCFAB /* Products */ = {
			isa = PBXGroup;
			children = (
				754610432B2A340000DFCFAB /* Pokemon.app */,
				754610592B2A340100DFCFAB /* PokemonTests.xctest */,
				754610632B2A340100DFCFAB /* PokemonUITests.xctest */,
			);
			name = Products;
			sourceTree = "<group>";
		};
		754610452B2A340000DFCFAB /* Pokemon */ = {
			isa = PBXGroup;
			children = (
				7546107B2B2A34B500DFCFAB /* Scene */,
				754610772B2A34A100DFCFAB /* Network */,
				754610762B2A349700DFCFAB /* Sources */,
				754610512B2A340100DFCFAB /* LaunchScreen.storyboard */,
				754610542B2A340100DFCFAB /* Info.plist */,
			);
			path = Pokemon;
			sourceTree = "<group>";
		};
		7546105C2B2A340100DFCFAB /* PokemonTests */ = {
			isa = PBXGroup;
			children = (
				7546105D2B2A340100DFCFAB /* PokemonTests.swift */,
			);
			path = PokemonTests;
			sourceTree = "<group>";
		};
		754610662B2A340100DFCFAB /* PokemonUITests */ = {
			isa = PBXGroup;
			children = (
				754610672B2A340100DFCFAB /* PokemonUITests.swift */,
				754610692B2A340100DFCFAB /* PokemonUITestsLaunchTests.swift */,
			);
			path = PokemonUITests;
			sourceTree = "<group>";
		};
		754610762B2A349700DFCFAB /* Sources */ = {
			isa = PBXGroup;
			children = (
				7546104F2B2A340100DFCFAB /* Assets.xcassets */,
				754610462B2A340000DFCFAB /* AppDelegate.swift */,
				754610482B2A340000DFCFAB /* SceneDelegate.swift */,
			);
			path = Sources;
			sourceTree = "<group>";
		};
		754610772B2A34A100DFCFAB /* Network */ = {
			isa = PBXGroup;
			children = (
				754610832B2A369A00DFCFAB /* HTTP */,
				7546107A2B2A34AF00DFCFAB /* Model */,
				754610792B2A34AA00DFCFAB /* Constant */,
				754610782B2A34A600DFCFAB /* Core */,
			);
			path = Network;
			sourceTree = "<group>";
		};
		754610782B2A34A600DFCFAB /* Core */ = {
			isa = PBXGroup;
			children = (
				754610872B2A383600DFCFAB /* Manager */,
				754610812B2A35FA00DFCFAB /* EndPoint.swift */,
			);
			path = Core;
			sourceTree = "<group>";
		};
		754610792B2A34AA00DFCFAB /* Constant */ = {
			isa = PBXGroup;
			children = (
				7546107E2B2A35DD00DFCFAB /* Constant.swift */,
			);
			path = Constant;
			sourceTree = "<group>";
		};
		7546107A2B2A34AF00DFCFAB /* Model */ = {
			isa = PBXGroup;
			children = (
				7546108C2B2A3A2200DFCFAB /* Pokemon.swift */,
			);
			path = Model;
			sourceTree = "<group>";
		};
		7546107B2B2A34B500DFCFAB /* Scene */ = {
			isa = PBXGroup;
			children = (
				7546107C2B2A34BA00DFCFAB /* PokemonList */,
			);
			path = Scene;
			sourceTree = "<group>";
		};
		7546107C2B2A34BA00DFCFAB /* PokemonList */ = {
			isa = PBXGroup;
			children = (
				75A781D12B2C84F10012891D /* View */,
				7546107D2B2A34C100DFCFAB /* ViewModel */,
				75A781D92B2C86C60012891D /* PokemonListViewController.swift */,
			);
			path = PokemonList;
			sourceTree = "<group>";
		};
		7546107D2B2A34C100DFCFAB /* ViewModel */ = {
			isa = PBXGroup;
			children = (
				7546108E2B2A3C5D00DFCFAB /* PokemonListViewModel.swift */,
			);
			path = ViewModel;
			sourceTree = "<group>";
		};
		754610832B2A369A00DFCFAB /* HTTP */ = {
			isa = PBXGroup;
			children = (
				754610842B2A36A500DFCFAB /* HTTPMethodType.swift */,
			);
			path = HTTP;
			sourceTree = "<group>";
		};
		754610872B2A383600DFCFAB /* Manager */ = {
			isa = PBXGroup;
			children = (
				754610882B2A385500DFCFAB /* NetworkManager.swift */,
				7546108A2B2A39E200DFCFAB /* NetworkService.swift */,
			);
			path = Manager;
			sourceTree = "<group>";
		};
		75A781D12B2C84F10012891D /* View */ = {
			isa = PBXGroup;
			children = (
				75A781D22B2C85140012891D /* PokemonCollectionViewCell.swift */,
			);
			path = View;
			sourceTree = "<group>";
		};
/* End PBXGroup section */

/* Begin PBXNativeTarget section */
		754610422B2A340000DFCFAB /* Pokemon */ = {
			isa = PBXNativeTarget;
			buildConfigurationList = 7546106D2B2A340100DFCFAB /* Build configuration list for PBXNativeTarget "Pokemon" */;
			buildPhases = (
				7546103F2B2A340000DFCFAB /* Sources */,
				754610402B2A340000DFCFAB /* Frameworks */,
				754610412B2A340000DFCFAB /* Resources */,
			);
			buildRules = (
			);
			dependencies = (
			);
			name = Pokemon;
			packageProductDependencies = (
				75A781D72B2C86990012891D /* Kingfisher */,
			);
			productName = Pokemon;
			productReference = 754610432B2A340000DFCFAB /* Pokemon.app */;
			productType = "com.apple.product-type.application";
		};
		754610582B2A340100DFCFAB /* PokemonTests */ = {
			isa = PBXNativeTarget;
			buildConfigurationList = 754610702B2A340100DFCFAB /* Build configuration list for PBXNativeTarget "PokemonTests" */;
			buildPhases = (
				754610552B2A340100DFCFAB /* Sources */,
				754610562B2A340100DFCFAB /* Frameworks */,
				754610572B2A340100DFCFAB /* Resources */,
			);
			buildRules = (
			);
			dependencies = (
				7546105B2B2A340100DFCFAB /* PBXTargetDependency */,
			);
			name = PokemonTests;
			productName = PokemonTests;
			productReference = 754610592B2A340100DFCFAB /* PokemonTests.xctest */;
			productType = "com.apple.product-type.bundle.unit-test";
		};
		754610622B2A340100DFCFAB /* PokemonUITests */ = {
			isa = PBXNativeTarget;
			buildConfigurationList = 754610732B2A340100DFCFAB /* Build configuration list for PBXNativeTarget "PokemonUITests" */;
			buildPhases = (
				7546105F2B2A340100DFCFAB /* Sources */,
				754610602B2A340100DFCFAB /* Frameworks */,
				754610612B2A340100DFCFAB /* Resources */,
			);
			buildRules = (
			);
			dependencies = (
				754610652B2A340100DFCFAB /* PBXTargetDependency */,
			);
			name = PokemonUITests;
			productName = PokemonUITests;
			productReference = 754610632B2A340100DFCFAB /* PokemonUITests.xctest */;
			productType = "com.apple.product-type.bundle.ui-testing";
		};
/* End PBXNativeTarget section */

/* Begin PBXProject section */
		7546103B2B2A340000DFCFAB /* Project object */ = {
			isa = PBXProject;
			attributes = {
				BuildIndependentTargetsInParallel = 1;
				LastSwiftUpdateCheck = 1500;
				LastUpgradeCheck = 1500;
				TargetAttributes = {
					754610422B2A340000DFCFAB = {
						CreatedOnToolsVersion = 15.0.1;
					};
					754610582B2A340100DFCFAB = {
						CreatedOnToolsVersion = 15.0.1;
						TestTargetID = 754610422B2A340000DFCFAB;
					};
					754610622B2A340100DFCFAB = {
						CreatedOnToolsVersion = 15.0.1;
						TestTargetID = 754610422B2A340000DFCFAB;
					};
				};
			};
			buildConfigurationList = 7546103E2B2A340000DFCFAB /* Build configuration list for PBXProject "Pokemon" */;
			compatibilityVersion = "Xcode 14.0";
			developmentRegion = en;
			hasScannedForEncodings = 0;
			knownRegions = (
				en,
				Base,
			);
			mainGroup = 7546103A2B2A340000DFCFAB;
			packageReferences = (
				75A781D62B2C86990012891D /* XCRemoteSwiftPackageReference "Kingfisher" */,
			);
			productRefGroup = 754610442B2A340000DFCFAB /* Products */;
			projectDirPath = "";
			projectRoot = "";
			targets = (
				754610422B2A340000DFCFAB /* Pokemon */,
				754610582B2A340100DFCFAB /* PokemonTests */,
				754610622B2A340100DFCFAB /* PokemonUITests */,
			);
		};
/* End PBXProject section */

/* Begin PBXResourcesBuildPhase section */
		754610412B2A340000DFCFAB /* Resources */ = {
			isa = PBXResourcesBuildPhase;
			buildActionMask = 2147483647;
			files = (
				754610532B2A340100DFCFAB /* LaunchScreen.storyboard in Resources */,
				754610502B2A340100DFCFAB /* Assets.xcassets in Resources */,
			);
			runOnlyForDeploymentPostprocessing = 0;
		};
		754610572B2A340100DFCFAB /* Resources */ = {
			isa = PBXResourcesBuildPhase;
			buildActionMask = 2147483647;
			files = (
			);
			runOnlyForDeploymentPostprocessing = 0;
		};
		754610612B2A340100DFCFAB /* Resources */ = {
			isa = PBXResourcesBuildPhase;
			buildActionMask = 2147483647;
			files = (
			);
			runOnlyForDeploymentPostprocessing = 0;
		};
/* End PBXResourcesBuildPhase section */

/* Begin PBXSourcesBuildPhase section */
		7546103F2B2A340000DFCFAB /* Sources */ = {
			isa = PBXSourcesBuildPhase;
			buildActionMask = 2147483647;
			files = (
				754610852B2A36A500DFCFAB /* HTTPMethodType.swift in Sources */,
				7546108B2B2A39E200DFCFAB /* NetworkService.swift in Sources */,
				75A781D42B2C85140012891D /* PokemonCollectionViewCell.swift in Sources */,
				754610472B2A340000DFCFAB /* AppDelegate.swift in Sources */,
				75A781DA2B2C86C60012891D /* PokemonListViewController.swift in Sources */,
				754610892B2A385500DFCFAB /* NetworkManager.swift in Sources */,
				7546108D2B2A3A2200DFCFAB /* Pokemon.swift in Sources */,
				754610822B2A35FA00DFCFAB /* EndPoint.swift in Sources */,
				754610492B2A340000DFCFAB /* SceneDelegate.swift in Sources */,
				7546108F2B2A3C5D00DFCFAB /* PokemonListViewModel.swift in Sources */,
				7546107F2B2A35DD00DFCFAB /* Constant.swift in Sources */,
			);
			runOnlyForDeploymentPostprocessing = 0;
		};
		754610552B2A340100DFCFAB /* Sources */ = {
			isa = PBXSourcesBuildPhase;
			buildActionMask = 2147483647;
			files = (
				7546105E2B2A340100DFCFAB /* PokemonTests.swift in Sources */,
			);
			runOnlyForDeploymentPostprocessing = 0;
		};
		7546105F2B2A340100DFCFAB /* Sources */ = {
			isa = PBXSourcesBuildPhase;
			buildActionMask = 2147483647;
			files = (
				7546106A2B2A340100DFCFAB /* PokemonUITestsLaunchTests.swift in Sources */,
				754610682B2A340100DFCFAB /* PokemonUITests.swift in Sources */,
			);
			runOnlyForDeploymentPostprocessing = 0;
		};
/* End PBXSourcesBuildPhase section */

/* Begin PBXTargetDependency section */
		7546105B2B2A340100DFCFAB /* PBXTargetDependency */ = {
			isa = PBXTargetDependency;
			target = 754610422B2A340000DFCFAB /* Pokemon */;
			targetProxy = 7546105A2B2A340100DFCFAB /* PBXContainerItemProxy */;
		};
		754610652B2A340100DFCFAB /* PBXTargetDependency */ = {
			isa = PBXTargetDependency;
			target = 754610422B2A340000DFCFAB /* Pokemon */;
			targetProxy = 754610642B2A340100DFCFAB /* PBXContainerItemProxy */;
		};
/* End PBXTargetDependency section */

/* Begin PBXVariantGroup section */
		754610512B2A340100DFCFAB /* LaunchScreen.storyboard */ = {
			isa = PBXVariantGroup;
			children = (
				754610522B2A340100DFCFAB /* Base */,
			);
			name = LaunchScreen.storyboard;
			sourceTree = "<group>";
		};
/* End PBXVariantGroup section */

/* Begin XCBuildConfiguration section */
		7546106B2B2A340100DFCFAB /* Debug */ = {
			isa = XCBuildConfiguration;
			buildSettings = {
				ALWAYS_SEARCH_USER_PATHS = NO;
				ASSETCATALOG_COMPILER_GENERATE_SWIFT_ASSET_SYMBOL_EXTENSIONS = YES;
				CLANG_ANALYZER_NONNULL = YES;
				CLANG_ANALYZER_NUMBER_OBJECT_CONVERSION = YES_AGGRESSIVE;
				CLANG_CXX_LANGUAGE_STANDARD = "gnu++20";
				CLANG_ENABLE_MODULES = YES;
				CLANG_ENABLE_OBJC_ARC = YES;
				CLANG_ENABLE_OBJC_WEAK = YES;
				CLANG_WARN_BLOCK_CAPTURE_AUTORELEASING = YES;
				CLANG_WARN_BOOL_CONVERSION = YES;
				CLANG_WARN_COMMA = YES;
				CLANG_WARN_CONSTANT_CONVERSION = YES;
				CLANG_WARN_DEPRECATED_OBJC_IMPLEMENTATIONS = YES;
				CLANG_WARN_DIRECT_OBJC_ISA_USAGE = YES_ERROR;
				CLANG_WARN_DOCUMENTATION_COMMENTS = YES;
				CLANG_WARN_EMPTY_BODY = YES;
				CLANG_WARN_ENUM_CONVERSION = YES;
				CLANG_WARN_INFINITE_RECURSION = YES;
				CLANG_WARN_INT_CONVERSION = YES;
				CLANG_WARN_NON_LITERAL_NULL_CONVERSION = YES;
				CLANG_WARN_OBJC_IMPLICIT_RETAIN_SELF = YES;
				CLANG_WARN_OBJC_LITERAL_CONVERSION = YES;
				CLANG_WARN_OBJC_ROOT_CLASS = YES_ERROR;
				CLANG_WARN_QUOTED_INCLUDE_IN_FRAMEWORK_HEADER = YES;
				CLANG_WARN_RANGE_LOOP_ANALYSIS = YES;
				CLANG_WARN_STRICT_PROTOTYPES = YES;
				CLANG_WARN_SUSPICIOUS_MOVE = YES;
				CLANG_WARN_UNGUARDED_AVAILABILITY = YES_AGGRESSIVE;
				CLANG_WARN_UNREACHABLE_CODE = YES;
				CLANG_WARN__DUPLICATE_METHOD_MATCH = YES;
				COPY_PHASE_STRIP = NO;
				DEBUG_INFORMATION_FORMAT = dwarf;
				ENABLE_STRICT_OBJC_MSGSEND = YES;
				ENABLE_TESTABILITY = YES;
				ENABLE_USER_SCRIPT_SANDBOXING = YES;
				GCC_C_LANGUAGE_STANDARD = gnu17;
				GCC_DYNAMIC_NO_PIC = NO;
				GCC_NO_COMMON_BLOCKS = YES;
				GCC_OPTIMIZATION_LEVEL = 0;
				GCC_PREPROCESSOR_DEFINITIONS = (
					"DEBUG=1",
					"$(inherited)",
				);
				GCC_WARN_64_TO_32_BIT_CONVERSION = YES;
				GCC_WARN_ABOUT_RETURN_TYPE = YES_ERROR;
				GCC_WARN_UNDECLARED_SELECTOR = YES;
				GCC_WARN_UNINITIALIZED_AUTOS = YES_AGGRESSIVE;
				GCC_WARN_UNUSED_FUNCTION = YES;
				GCC_WARN_UNUSED_VARIABLE = YES;
				IPHONEOS_DEPLOYMENT_TARGET = 17.0;
				LOCALIZATION_PREFERS_STRING_CATALOGS = YES;
				MTL_ENABLE_DEBUG_INFO = INCLUDE_SOURCE;
				MTL_FAST_MATH = YES;
				ONLY_ACTIVE_ARCH = YES;
				SDKROOT = iphoneos;
				SWIFT_ACTIVE_COMPILATION_CONDITIONS = "DEBUG $(inherited)";
				SWIFT_OPTIMIZATION_LEVEL = "-Onone";
			};
			name = Debug;
		};
		7546106C2B2A340100DFCFAB /* Release */ = {
			isa = XCBuildConfiguration;
			buildSettings = {
				ALWAYS_SEARCH_USER_PATHS = NO;
				ASSETCATALOG_COMPILER_GENERATE_SWIFT_ASSET_SYMBOL_EXTENSIONS = YES;
				CLANG_ANALYZER_NONNULL = YES;
				CLANG_ANALYZER_NUMBER_OBJECT_CONVERSION = YES_AGGRESSIVE;
				CLANG_CXX_LANGUAGE_STANDARD = "gnu++20";
				CLANG_ENABLE_MODULES = YES;
				CLANG_ENABLE_OBJC_ARC = YES;
				CLANG_ENABLE_OBJC_WEAK = YES;
				CLANG_WARN_BLOCK_CAPTURE_AUTORELEASING = YES;
				CLANG_WARN_BOOL_CONVERSION = YES;
				CLANG_WARN_COMMA = YES;
				CLANG_WARN_CONSTANT_CONVERSION = YES;
				CLANG_WARN_DEPRECATED_OBJC_IMPLEMENTATIONS = YES;
				CLANG_WARN_DIRECT_OBJC_ISA_USAGE = YES_ERROR;
				CLANG_WARN_DOCUMENTATION_COMMENTS = YES;
				CLANG_WARN_EMPTY_BODY = YES;
				CLANG_WARN_ENUM_CONVERSION = YES;
				CLANG_WARN_INFINITE_RECURSION = YES;
				CLANG_WARN_INT_CONVERSION = YES;
				CLANG_WARN_NON_LITERAL_NULL_CONVERSION = YES;
				CLANG_WARN_OBJC_IMPLICIT_RETAIN_SELF = YES;
				CLANG_WARN_OBJC_LITERAL_CONVERSION = YES;
				CLANG_WARN_OBJC_ROOT_CLASS = YES_ERROR;
				CLANG_WARN_QUOTED_INCLUDE_IN_FRAMEWORK_HEADER = YES;
				CLANG_WARN_RANGE_LOOP_ANALYSIS = YES;
				CLANG_WARN_STRICT_PROTOTYPES = YES;
				CLANG_WARN_SUSPICIOUS_MOVE = YES;
				CLANG_WARN_UNGUARDED_AVAILABILITY = YES_AGGRESSIVE;
				CLANG_WARN_UNREACHABLE_CODE = YES;
				CLANG_WARN__DUPLICATE_METHOD_MATCH = YES;
				COPY_PHASE_STRIP = NO;
				DEBUG_INFORMATION_FORMAT = "dwarf-with-dsym";
				ENABLE_NS_ASSERTIONS = NO;
				ENABLE_STRICT_OBJC_MSGSEND = YES;
				ENABLE_USER_SCRIPT_SANDBOXING = YES;
				GCC_C_LANGUAGE_STANDARD = gnu17;
				GCC_NO_COMMON_BLOCKS = YES;
				GCC_WARN_64_TO_32_BIT_CONVERSION = YES;
				GCC_WARN_ABOUT_RETURN_TYPE = YES_ERROR;
				GCC_WARN_UNDECLARED_SELECTOR = YES;
				GCC_WARN_UNINITIALIZED_AUTOS = YES_AGGRESSIVE;
				GCC_WARN_UNUSED_FUNCTION = YES;
				GCC_WARN_UNUSED_VARIABLE = YES;
				IPHONEOS_DEPLOYMENT_TARGET = 17.0;
				LOCALIZATION_PREFERS_STRING_CATALOGS = YES;
				MTL_ENABLE_DEBUG_INFO = NO;
				MTL_FAST_MATH = YES;
				SDKROOT = iphoneos;
				SWIFT_COMPILATION_MODE = wholemodule;
				VALIDATE_PRODUCT = YES;
			};
			name = Release;
		};
		7546106E2B2A340100DFCFAB /* Debug */ = {
			isa = XCBuildConfiguration;
			buildSettings = {
				ASSETCATALOG_COMPILER_APPICON_NAME = AppIcon;
				ASSETCATALOG_COMPILER_GLOBAL_ACCENT_COLOR_NAME = AccentColor;
				CODE_SIGN_STYLE = Automatic;
				CURRENT_PROJECT_VERSION = 1;
				DEVELOPMENT_TEAM = WHB8AY66F3;
				GENERATE_INFOPLIST_FILE = YES;
				INFOPLIST_FILE = Pokemon/Info.plist;
				INFOPLIST_KEY_UIApplicationSupportsIndirectInputEvents = YES;
				INFOPLIST_KEY_UILaunchStoryboardName = LaunchScreen;
				INFOPLIST_KEY_UISupportedInterfaceOrientations = UIInterfaceOrientationPortrait;
				INFOPLIST_KEY_UISupportedInterfaceOrientations_iPad = "UIInterfaceOrientationLandscapeLeft UIInterfaceOrientationLandscapeRight UIInterfaceOrientationPortrait UIInterfaceOrientationPortraitUpsideDown";
				IPHONEOS_DEPLOYMENT_TARGET = 14.0;
				LD_RUNPATH_SEARCH_PATHS = (
					"$(inherited)",
					"@executable_path/Frameworks",
				);
				MARKETING_VERSION = 1.0;
				PRODUCT_BUNDLE_IDENTIFIER = barixmen.Pokemon;
				PRODUCT_NAME = "$(TARGET_NAME)";
				SUPPORTED_PLATFORMS = "iphoneos iphonesimulator";
				SUPPORTS_MACCATALYST = NO;
				SUPPORTS_MAC_DESIGNED_FOR_IPHONE_IPAD = NO;
				SWIFT_EMIT_LOC_STRINGS = YES;
				SWIFT_VERSION = 5.0;
				TARGETED_DEVICE_FAMILY = 1;
			};
			name = Debug;
		};
		7546106F2B2A340100DFCFAB /* Release */ = {
			isa = XCBuildConfiguration;
			buildSettings = {
				ASSETCATALOG_COMPILER_APPICON_NAME = AppIcon;
				ASSETCATALOG_COMPILER_GLOBAL_ACCENT_COLOR_NAME = AccentColor;
				CODE_SIGN_STYLE = Automatic;
				CURRENT_PROJECT_VERSION = 1;
				DEVELOPMENT_TEAM = WHB8AY66F3;
				GENERATE_INFOPLIST_FILE = YES;
				INFOPLIST_FILE = Pokemon/Info.plist;
				INFOPLIST_KEY_UIApplicationSupportsIndirectInputEvents = YES;
				INFOPLIST_KEY_UILaunchStoryboardName = LaunchScreen;
				INFOPLIST_KEY_UISupportedInterfaceOrientations = UIInterfaceOrientationPortrait;
				INFOPLIST_KEY_UISupportedInterfaceOrientations_iPad = "UIInterfaceOrientationLandscapeLeft UIInterfaceOrientationLandscapeRight UIInterfaceOrientationPortrait UIInterfaceOrientationPortraitUpsideDown";
				IPHONEOS_DEPLOYMENT_TARGET = 14.0;
				LD_RUNPATH_SEARCH_PATHS = (
					"$(inherited)",
					"@executable_path/Frameworks",
				);
				MARKETING_VERSION = 1.0;
				PRODUCT_BUNDLE_IDENTIFIER = barixmen.Pokemon;
				PRODUCT_NAME = "$(TARGET_NAME)";
				SUPPORTED_PLATFORMS = "iphoneos iphonesimulator";
				SUPPORTS_MACCATALYST = NO;
				SUPPORTS_MAC_DESIGNED_FOR_IPHONE_IPAD = NO;
				SWIFT_EMIT_LOC_STRINGS = YES;
				SWIFT_VERSION = 5.0;
				TARGETED_DEVICE_FAMILY = 1;
			};
			name = Release;
		};
		754610712B2A340100DFCFAB /* Debug */ = {
			isa = XCBuildConfiguration;
			buildSettings = {
				ALWAYS_EMBED_SWIFT_STANDARD_LIBRARIES = YES;
				BUNDLE_LOADER = "$(TEST_HOST)";
				CODE_SIGN_STYLE = Automatic;
				CURRENT_PROJECT_VERSION = 1;
				DEVELOPMENT_TEAM = WHB8AY66F3;
				GENERATE_INFOPLIST_FILE = YES;
				IPHONEOS_DEPLOYMENT_TARGET = 17.0;
				MARKETING_VERSION = 1.0;
				PRODUCT_BUNDLE_IDENTIFIER = barixmen.PokemonTests;
				PRODUCT_NAME = "$(TARGET_NAME)";
				SWIFT_EMIT_LOC_STRINGS = NO;
				SWIFT_VERSION = 5.0;
				TARGETED_DEVICE_FAMILY = "1,2";
				TEST_HOST = "$(BUILT_PRODUCTS_DIR)/Pokemon.app/$(BUNDLE_EXECUTABLE_FOLDER_PATH)/Pokemon";
			};
			name = Debug;
		};
		754610722B2A340100DFCFAB /* Release */ = {
			isa = XCBuildConfiguration;
			buildSettings = {
				ALWAYS_EMBED_SWIFT_STANDARD_LIBRARIES = YES;
				BUNDLE_LOADER = "$(TEST_HOST)";
				CODE_SIGN_STYLE = Automatic;
				CURRENT_PROJECT_VERSION = 1;
				DEVELOPMENT_TEAM = WHB8AY66F3;
				GENERATE_INFOPLIST_FILE = YES;
				IPHONEOS_DEPLOYMENT_TARGET = 17.0;
				MARKETING_VERSION = 1.0;
				PRODUCT_BUNDLE_IDENTIFIER = barixmen.PokemonTests;
				PRODUCT_NAME = "$(TARGET_NAME)";
				SWIFT_EMIT_LOC_STRINGS = NO;
				SWIFT_VERSION = 5.0;
				TARGETED_DEVICE_FAMILY = "1,2";
				TEST_HOST = "$(BUILT_PRODUCTS_DIR)/Pokemon.app/$(BUNDLE_EXECUTABLE_FOLDER_PATH)/Pokemon";
			};
			name = Release;
		};
		754610742B2A340100DFCFAB /* Debug */ = {
			isa = XCBuildConfiguration;
			buildSettings = {
				ALWAYS_EMBED_SWIFT_STANDARD_LIBRARIES = YES;
				CODE_SIGN_STYLE = Automatic;
				CURRENT_PROJECT_VERSION = 1;
				DEVELOPMENT_TEAM = WHB8AY66F3;
				GENERATE_INFOPLIST_FILE = YES;
				MARKETING_VERSION = 1.0;
				PRODUCT_BUNDLE_IDENTIFIER = barixmen.PokemonUITests;
				PRODUCT_NAME = "$(TARGET_NAME)";
				SWIFT_EMIT_LOC_STRINGS = NO;
				SWIFT_VERSION = 5.0;
				TARGETED_DEVICE_FAMILY = "1,2";
				TEST_TARGET_NAME = Pokemon;
			};
			name = Debug;
		};
		754610752B2A340100DFCFAB /* Release */ = {
			isa = XCBuildConfiguration;
			buildSettings = {
				ALWAYS_EMBED_SWIFT_STANDARD_LIBRARIES = YES;
				CODE_SIGN_STYLE = Automatic;
				CURRENT_PROJECT_VERSION = 1;
				DEVELOPMENT_TEAM = WHB8AY66F3;
				GENERATE_INFOPLIST_FILE = YES;
				MARKETING_VERSION = 1.0;
				PRODUCT_BUNDLE_IDENTIFIER = barixmen.PokemonUITests;
				PRODUCT_NAME = "$(TARGET_NAME)";
				SWIFT_EMIT_LOC_STRINGS = NO;
				SWIFT_VERSION = 5.0;
				TARGETED_DEVICE_FAMILY = "1,2";
				TEST_TARGET_NAME = Pokemon;
			};
			name = Release;
		};
/* End XCBuildConfiguration section */

/* Begin XCConfigurationList section */
		7546103E2B2A340000DFCFAB /* Build configuration list for PBXProject "Pokemon" */ = {
			isa = XCConfigurationList;
			buildConfigurations = (
				7546106B2B2A340100DFCFAB /* Debug */,
				7546106C2B2A340100DFCFAB /* Release */,
			);
			defaultConfigurationIsVisible = 0;
			defaultConfigurationName = Release;
		};
		7546106D2B2A340100DFCFAB /* Build configuration list for PBXNativeTarget "Pokemon" */ = {
			isa = XCConfigurationList;
			buildConfigurations = (
				7546106E2B2A340100DFCFAB /* Debug */,
				7546106F2B2A340100DFCFAB /* Release */,
			);
			defaultConfigurationIsVisible = 0;
			defaultConfigurationName = Release;
		};
		754610702B2A340100DFCFAB /* Build configuration list for PBXNativeTarget "PokemonTests" */ = {
			isa = XCConfigurationList;
			buildConfigurations = (
				754610712B2A340100DFCFAB /* Debug */,
				754610722B2A340100DFCFAB /* Release */,
			);
			defaultConfigurationIsVisible = 0;
			defaultConfigurationName = Release;
		};
		754610732B2A340100DFCFAB /* Build configuration list for PBXNativeTarget "PokemonUITests" */ = {
			isa = XCConfigurationList;
			buildConfigurations = (
				754610742B2A340100DFCFAB /* Debug */,
				754610752B2A340100DFCFAB /* Release */,
			);
			defaultConfigurationIsVisible = 0;
			defaultConfigurationName = Release;
		};
/* End XCConfigurationList section */

/* Begin XCRemoteSwiftPackageReference section */
		75A781D62B2C86990012891D /* XCRemoteSwiftPackageReference "Kingfisher" */ = {
			isa = XCRemoteSwiftPackageReference;
			repositoryURL = "https://github.com/onevcat/Kingfisher";
			requirement = {
				kind = upToNextMajorVersion;
				minimumVersion = 7.10.1;
			};
		};
/* End XCRemoteSwiftPackageReference section */

/* Begin XCSwiftPackageProductDependency section */
		75A781D72B2C86990012891D /* Kingfisher */ = {
			isa = XCSwiftPackageProductDependency;
			package = 75A781D62B2C86990012891D /* XCRemoteSwiftPackageReference "Kingfisher" */;
			productName = Kingfisher;
		};
/* End XCSwiftPackageProductDependency section */
	};
	rootObject = 7546103B2B2A340000DFCFAB /* Project object */;
}
